
Microsoft Visual Studio Solution File, Format Version 12.00
# Visual Studio Version 17
VisualStudioVersion = 17.4.33122.133
MinimumVisualStudioVersion = 10.0.40219.1
Project("{FAE04EC0-301F-11D3-BF4B-00C04F79EFBC}") = "HelloWorld", "HelloWorld\HelloWorld.csproj", "{C9DA108F-3AAA-4964-8177-F93B66A5AC76}"
EndProject
Project("{FAE04EC0-301F-11D3-BF4B-00C04F79EFBC}") = "Statement", "Statement\Statement.csproj", "{6AB67637-5E58-468D-BC35-AAC182C220D4}"
EndProject
Project("{FAE04EC0-301F-11D3-BF4B-00C04F79EFBC}") = "LogicDasar", "LogicDasar\LogicDasar.csproj", "{81957707-838C-49AC-AC67-DFBC6CD0C383}"
EndProject
Global
	GlobalSection(SolutionConfigurationPlatforms) = preSolution
		Debug|Any CPU = Debug|Any CPU
		Release|Any CPU = Release|Any CPU
	EndGlobalSection
	GlobalSection(ProjectConfigurationPlatforms) = postSolution
		{C9DA108F-3AAA-4964-8177-F93B66A5AC76}.Debug|Any CPU.ActiveCfg = Debug|Any CPU
		{C9DA108F-3AAA-4964-8177-F93B66A5AC76}.Debug|Any CPU.Build.0 = Debug|Any CPU
		{C9DA108F-3AAA-4964-8177-F93B66A5AC76}.Release|Any CPU.ActiveCfg = Release|Any CPU
		{C9DA108F-3AAA-4964-8177-F93B66A5AC76}.Release|Any CPU.Build.0 = Release|Any CPU
		{6AB67637-5E58-468D-BC35-AAC182C220D4}.Debug|Any CPU.ActiveCfg = Debug|Any CPU
		{6AB67637-5E58-468D-BC35-AAC182C220D4}.Debug|Any CPU.Build.0 = Debug|Any CPU
		{6AB67637-5E58-468D-BC35-AAC182C220D4}.Release|Any CPU.ActiveCfg = Release|Any CPU
		{6AB67637-5E58-468D-BC35-AAC182C220D4}.Release|Any CPU.Build.0 = Release|Any CPU
		{81957707-838C-49AC-AC67-DFBC6CD0C383}.Debug|Any CPU.ActiveCfg = Debug|Any CPU
		{81957707-838C-49AC-AC67-DFBC6CD0C383}.Debug|Any CPU.Build.0 = Debug|Any CPU
		{81957707-838C-49AC-AC67-DFBC6CD0C383}.Release|Any CPU.ActiveCfg = Release|Any CPU
		{81957707-838C-49AC-AC67-DFBC6CD0C383}.Release|Any CPU.Build.0 = Release|Any CPU
	EndGlobalSection
	GlobalSection(SolutionProperties) = preSolution
		HideSolutionNode = FALSE
	EndGlobalSection
	GlobalSection(ExtensibilityGlobals) = postSolution
		SolutionGuid = {79AF7F50-BA70-422A-947E-45AC7F19B3D7}
	EndGlobalSection
EndGlobal
